
Microsoft Visual Studio Solution File, Format Version 12.00
# Visual Studio 2013
VisualStudioVersion = 12.0.21005.1
MinimumVisualStudioVersion = 10.0.40219.1
Project("{FAE04EC0-301F-11D3-BF4B-00C04F79EFBC}") = "TestForAllProject", "OverlayAnalysisTest\TestForAllProject.csproj", "{AEED764C-44A0-4B8C-996F-A97B9B88B986}"
EndProject
Project("{FAE04EC0-301F-11D3-BF4B-00C04F79EFBC}") = "OverlayAnalysis", "OverlayAnalysis\OverlayAnalysis.csproj", "{A776A253-F4C9-4A1A-B714-5BB97FB2F061}"
EndProject
Project("{FAE04EC0-301F-11D3-BF4B-00C04F79EFBC}") = "myDLL", "myDLL\myDLL.csproj", "{C5ABEFF3-D87D-43E8-9A8C-A5452F88B89D}"
EndProject
Project("{FAE04EC0-301F-11D3-BF4B-00C04F79EFBC}") = "Delegate_winform", "Delegate_winform\Delegate_winform.csproj", "{38D3D3C2-8F07-4119-8BA0-07E88DCC6831}"
EndProject
Project("{FAE04EC0-301F-11D3-BF4B-00C04F79EFBC}") = "Web.HTML.JavaScript", "Web.HTML.JavaScript\Web.HTML.JavaScript.csproj", "{325A9D08-B41F-4BBE-8B14-F8E31F0C82D1}"
EndProject
Project("{FAE04EC0-301F-11D3-BF4B-00C04F79EFBC}") = "sharpMaplibrary", "sharpMaplibrary\sharpMaplibrary.csproj", "{28BC3154-8457-4F2E-8B1F-379EDFEC5CF3}"
EndProject
Project("{2150E333-8FDC-42A3-9474-1A3956D46DE8}") = "ArcEngine", "ArcEngine", "{85C4BC50-FFB4-4314-9547-A994C21692D8}"
EndProject
Project("{2150E333-8FDC-42A3-9474-1A3956D46DE8}") = "SharpMap", "SharpMap", "{AEE3620A-3CFC-4421-9BFD-5072026E459F}"
EndProject
Project("{2150E333-8FDC-42A3-9474-1A3956D46DE8}") = "WindowBasis", "WindowBasis", "{93204B06-655B-4812-9FB7-817DE7B8CC5A}"
EndProject
Project("{FAE04EC0-301F-11D3-BF4B-00C04F79EFBC}") = "WindowBasis", "WindowBasis\WindowBasis.csproj", "{0B5AC4E5-F6BB-4136-80F5-399DE31CB9CB}"
EndProject
Project("{2150E333-8FDC-42A3-9474-1A3956D46DE8}") = "NecessaryFiles", "NecessaryFiles", "{161D69A9-D9FA-4144-BCF1-672F77E95A21}"
	ProjectSection(SolutionItems) = preProject
		BackupNameList.xml = BackupNameList.xml
		Linqsentences.xml = Linqsentences.xml
		XMLTemp.xml = XMLTemp.xml
	EndProjectSection
EndProject
Project("{FAE04EC0-301F-11D3-BF4B-00C04F79EFBC}") = "FeatureClassCopy", "FeatureClassCopy\FeatureClassCopy.csproj", "{FBDC79B8-5A34-4DBA-9ADB-BC500D9245BE}"
EndProject
Project("{FAE04EC0-301F-11D3-BF4B-00C04F79EFBC}") = "WindowsService", "WindowsService\WindowsService.csproj", "{6A6B882B-065B-4EC7-8DC9-CD64BD25A663}"
EndProject
Global
	GlobalSection(SolutionConfigurationPlatforms) = preSolution
		Debug|Any CPU = Debug|Any CPU
		Debug|Mixed Platforms = Debug|Mixed Platforms
		Debug|x86 = Debug|x86
		Release|Any CPU = Release|Any CPU
		Release|Mixed Platforms = Release|Mixed Platforms
		Release|x86 = Release|x86
	EndGlobalSection
	GlobalSection(ProjectConfigurationPlatforms) = postSolution
		{AEED764C-44A0-4B8C-996F-A97B9B88B986}.Debug|Any CPU.ActiveCfg = Debug|x86
		{AEED764C-44A0-4B8C-996F-A97B9B88B986}.Debug|Mixed Platforms.ActiveCfg = Debug|x86
		{AEED764C-44A0-4B8C-996F-A97B9B88B986}.Debug|Mixed Platforms.Build.0 = Debug|x86
		{AEED764C-44A0-4B8C-996F-A97B9B88B986}.Debug|x86.ActiveCfg = Debug|x86
		{AEED764C-44A0-4B8C-996F-A97B9B88B986}.Debug|x86.Build.0 = Debug|x86
		{AEED764C-44A0-4B8C-996F-A97B9B88B986}.Release|Any CPU.ActiveCfg = Release|x86
		{AEED764C-44A0-4B8C-996F-A97B9B88B986}.Release|Mixed Platforms.ActiveCfg = Release|x86
		{AEED764C-44A0-4B8C-996F-A97B9B88B986}.Release|Mixed Platforms.Build.0 = Release|x86
		{AEED764C-44A0-4B8C-996F-A97B9B88B986}.Release|x86.ActiveCfg = Release|x86
		{AEED764C-44A0-4B8C-996F-A97B9B88B986}.Release|x86.Build.0 = Release|x86
		{A776A253-F4C9-4A1A-B714-5BB97FB2F061}.Debug|Any CPU.ActiveCfg = Debug|Any CPU
		{A776A253-F4C9-4A1A-B714-5BB97FB2F061}.Debug|Any CPU.Build.0 = Debug|Any CPU
		{A776A253-F4C9-4A1A-B714-5BB97FB2F061}.Debug|Mixed Platforms.ActiveCfg = Debug|Any CPU
		{A776A253-F4C9-4A1A-B714-5BB97FB2F061}.Debug|Mixed Platforms.Build.0 = Debug|Any CPU
		{A776A253-F4C9-4A1A-B714-5BB97FB2F061}.Debug|x86.ActiveCfg = Debug|Any CPU
		{A776A253-F4C9-4A1A-B714-5BB97FB2F061}.Release|Any CPU.ActiveCfg = Release|Any CPU
		{A776A253-F4C9-4A1A-B714-5BB97FB2F061}.Release|Any CPU.Build.0 = Release|Any CPU
		{A776A253-F4C9-4A1A-B714-5BB97FB2F061}.Release|Mixed Platforms.ActiveCfg = Release|Any CPU
		{A776A253-F4C9-4A1A-B714-5BB97FB2F061}.Release|Mixed Platforms.Build.0 = Release|Any CPU
		{A776A253-F4C9-4A1A-B714-5BB97FB2F061}.Release|x86.ActiveCfg = Release|Any CPU
		{C5ABEFF3-D87D-43E8-9A8C-A5452F88B89D}.Debug|Any CPU.ActiveCfg = Debug|Any CPU
		{C5ABEFF3-D87D-43E8-9A8C-A5452F88B89D}.Debug|Any CPU.Build.0 = Debug|Any CPU
		{C5ABEFF3-D87D-43E8-9A8C-A5452F88B89D}.Debug|Mixed Platforms.ActiveCfg = Debug|Any CPU
		{C5ABEFF3-D87D-43E8-9A8C-A5452F88B89D}.Debug|Mixed Platforms.Build.0 = Debug|Any CPU
		{C5ABEFF3-D87D-43E8-9A8C-A5452F88B89D}.Debug|x86.ActiveCfg = Debug|Any CPU
		{C5ABEFF3-D87D-43E8-9A8C-A5452F88B89D}.Release|Any CPU.ActiveCfg = Release|Any CPU
		{C5ABEFF3-D87D-43E8-9A8C-A5452F88B89D}.Release|Any CPU.Build.0 = Release|Any CPU
		{C5ABEFF3-D87D-43E8-9A8C-A5452F88B89D}.Release|Mixed Platforms.ActiveCfg = Release|Any CPU
		{C5ABEFF3-D87D-43E8-9A8C-A5452F88B89D}.Release|Mixed Platforms.Build.0 = Release|Any CPU
		{C5ABEFF3-D87D-43E8-9A8C-A5452F88B89D}.Release|x86.ActiveCfg = Release|Any CPU
		{38D3D3C2-8F07-4119-8BA0-07E88DCC6831}.Debug|Any CPU.ActiveCfg = Debug|x86
		{38D3D3C2-8F07-4119-8BA0-07E88DCC6831}.Debug|Mixed Platforms.ActiveCfg = Debug|x86
		{38D3D3C2-8F07-4119-8BA0-07E88DCC6831}.Debug|Mixed Platforms.Build.0 = Debug|x86
		{38D3D3C2-8F07-4119-8BA0-07E88DCC6831}.Debug|x86.ActiveCfg = Debug|x86
		{38D3D3C2-8F07-4119-8BA0-07E88DCC6831}.Debug|x86.Build.0 = Debug|x86
		{38D3D3C2-8F07-4119-8BA0-07E88DCC6831}.Release|Any CPU.ActiveCfg = Release|x86
		{38D3D3C2-8F07-4119-8BA0-07E88DCC6831}.Release|Mixed Platforms.ActiveCfg = Release|x86
		{38D3D3C2-8F07-4119-8BA0-07E88DCC6831}.Release|Mixed Platforms.Build.0 = Release|x86
		{38D3D3C2-8F07-4119-8BA0-07E88DCC6831}.Release|x86.ActiveCfg = Release|x86
		{38D3D3C2-8F07-4119-8BA0-07E88DCC6831}.Release|x86.Build.0 = Release|x86
		{325A9D08-B41F-4BBE-8B14-F8E31F0C82D1}.Debug|Any CPU.ActiveCfg = Debug|Any CPU
		{325A9D08-B41F-4BBE-8B14-F8E31F0C82D1}.Debug|Any CPU.Build.0 = Debug|Any CPU
		{325A9D08-B41F-4BBE-8B14-F8E31F0C82D1}.Debug|Mixed Platforms.ActiveCfg = Debug|Any CPU
		{325A9D08-B41F-4BBE-8B14-F8E31F0C82D1}.Debug|Mixed Platforms.Build.0 = Debug|Any CPU
		{325A9D08-B41F-4BBE-8B14-F8E31F0C82D1}.Debug|x86.ActiveCfg = Debug|Any CPU
		{325A9D08-B41F-4BBE-8B14-F8E31F0C82D1}.Release|Any CPU.ActiveCfg = Release|Any CPU
		{325A9D08-B41F-4BBE-8B14-F8E31F0C82D1}.Release|Any CPU.Build.0 = Release|Any CPU
		{325A9D08-B41F-4BBE-8B14-F8E31F0C82D1}.Release|Mixed Platforms.ActiveCfg = Release|Any CPU
		{325A9D08-B41F-4BBE-8B14-F8E31F0C82D1}.Release|Mixed Platforms.Build.0 = Release|Any CPU
		{325A9D08-B41F-4BBE-8B14-F8E31F0C82D1}.Release|x86.ActiveCfg = Release|Any CPU
		{28BC3154-8457-4F2E-8B1F-379EDFEC5CF3}.Debug|Any CPU.ActiveCfg = Debug|Any CPU
		{28BC3154-8457-4F2E-8B1F-379EDFEC5CF3}.Debug|Any CPU.Build.0 = Debug|Any CPU
		{28BC3154-8457-4F2E-8B1F-379EDFEC5CF3}.Debug|Mixed Platforms.ActiveCfg = Debug|Any CPU
		{28BC3154-8457-4F2E-8B1F-379EDFEC5CF3}.Debug|Mixed Platforms.Build.0 = Debug|Any CPU
		{28BC3154-8457-4F2E-8B1F-379EDFEC5CF3}.Debug|x86.ActiveCfg = Debug|Any CPU
		{28BC3154-8457-4F2E-8B1F-379EDFEC5CF3}.Release|Any CPU.ActiveCfg = Release|Any CPU
		{28BC3154-8457-4F2E-8B1F-379EDFEC5CF3}.Release|Any CPU.Build.0 = Release|Any CPU
		{28BC3154-8457-4F2E-8B1F-379EDFEC5CF3}.Release|Mixed Platforms.ActiveCfg = Release|Any CPU
		{28BC3154-8457-4F2E-8B1F-379EDFEC5CF3}.Release|Mixed Platforms.Build.0 = Release|Any CPU
		{28BC3154-8457-4F2E-8B1F-379EDFEC5CF3}.Release|x86.ActiveCfg = Release|Any CPU
		{0B5AC4E5-F6BB-4136-80F5-399DE31CB9CB}.Debug|Any CPU.ActiveCfg = Debug|Any CPU
		{0B5AC4E5-F6BB-4136-80F5-399DE31CB9CB}.Debug|Any CPU.Build.0 = Debug|Any CPU
		{0B5AC4E5-F6BB-4136-80F5-399DE31CB9CB}.Debug|Mixed Platforms.ActiveCfg = Debug|Any CPU
		{0B5AC4E5-F6BB-4136-80F5-399DE31CB9CB}.Debug|Mixed Platforms.Build.0 = Debug|Any CPU
		{0B5AC4E5-F6BB-4136-80F5-399DE31CB9CB}.Debug|x86.ActiveCfg = Debug|Any CPU
		{0B5AC4E5-F6BB-4136-80F5-399DE31CB9CB}.Release|Any CPU.ActiveCfg = Release|Any CPU
		{0B5AC4E5-F6BB-4136-80F5-399DE31CB9CB}.Release|Any CPU.Build.0 = Release|Any CPU
		{0B5AC4E5-F6BB-4136-80F5-399DE31CB9CB}.Release|Mixed Platforms.ActiveCfg = Release|Any CPU
		{0B5AC4E5-F6BB-4136-80F5-399DE31CB9CB}.Release|Mixed Platforms.Build.0 = Release|Any CPU
		{0B5AC4E5-F6BB-4136-80F5-399DE31CB9CB}.Release|x86.ActiveCfg = Release|Any CPU
		{FBDC79B8-5A34-4DBA-9ADB-BC500D9245BE}.Debug|Any CPU.ActiveCfg = Debug|Any CPU
		{FBDC79B8-5A34-4DBA-9ADB-BC500D9245BE}.Debug|Any CPU.Build.0 = Debug|Any CPU
		{FBDC79B8-5A34-4DBA-9ADB-BC500D9245BE}.Debug|Mixed Platforms.ActiveCfg = Debug|Any CPU
		{FBDC79B8-5A34-4DBA-9ADB-BC500D9245BE}.Debug|Mixed Platforms.Build.0 = Debug|Any CPU
		{FBDC79B8-5A34-4DBA-9ADB-BC500D9245BE}.Debug|x86.ActiveCfg = Debug|Any CPU
		{FBDC79B8-5A34-4DBA-9ADB-BC500D9245BE}.Release|Any CPU.ActiveCfg = Release|Any CPU
		{FBDC79B8-5A34-4DBA-9ADB-BC500D9245BE}.Release|Any CPU.Build.0 = Release|Any CPU
		{FBDC79B8-5A34-4DBA-9ADB-BC500D9245BE}.Release|Mixed Platforms.ActiveCfg = Release|Any CPU
		{FBDC79B8-5A34-4DBA-9ADB-BC500D9245BE}.Release|Mixed Platforms.Build.0 = Release|Any CPU
		{FBDC79B8-5A34-4DBA-9ADB-BC500D9245BE}.Release|x86.ActiveCfg = Release|Any CPU
		{6A6B882B-065B-4EC7-8DC9-CD64BD25A663}.Debug|Any CPU.ActiveCfg = Debug|Any CPU
		{6A6B882B-065B-4EC7-8DC9-CD64BD25A663}.Debug|Any CPU.Build.0 = Debug|Any CPU
		{6A6B882B-065B-4EC7-8DC9-CD64BD25A663}.Debug|Mixed Platforms.ActiveCfg = Debug|Any CPU
		{6A6B882B-065B-4EC7-8DC9-CD64BD25A663}.Debug|Mixed Platforms.Build.0 = Debug|Any CPU
		{6A6B882B-065B-4EC7-8DC9-CD64BD25A663}.Debug|x86.ActiveCfg = Debug|Any CPU
		{6A6B882B-065B-4EC7-8DC9-CD64BD25A663}.Release|Any CPU.ActiveCfg = Release|Any CPU
		{6A6B882B-065B-4EC7-8DC9-CD64BD25A663}.Release|Any CPU.Build.0 = Release|Any CPU
		{6A6B882B-065B-4EC7-8DC9-CD64BD25A663}.Release|Mixed Platforms.ActiveCfg = Release|Any CPU
		{6A6B882B-065B-4EC7-8DC9-CD64BD25A663}.Release|Mixed Platforms.Build.0 = Release|Any CPU
		{6A6B882B-065B-4EC7-8DC9-CD64BD25A663}.Release|x86.ActiveCfg = Release|Any CPU
	EndGlobalSection
	GlobalSection(SolutionProperties) = preSolution
		HideSolutionNode = FALSE
	EndGlobalSection
	GlobalSection(NestedProjects) = preSolution
		{C5ABEFF3-D87D-43E8-9A8C-A5452F88B89D} = {85C4BC50-FFB4-4314-9547-A994C21692D8}
		{A776A253-F4C9-4A1A-B714-5BB97FB2F061} = {85C4BC50-FFB4-4314-9547-A994C21692D8}
		{FBDC79B8-5A34-4DBA-9ADB-BC500D9245BE} = {85C4BC50-FFB4-4314-9547-A994C21692D8}
		{28BC3154-8457-4F2E-8B1F-379EDFEC5CF3} = {AEE3620A-3CFC-4421-9BFD-5072026E459F}
		{0B5AC4E5-F6BB-4136-80F5-399DE31CB9CB} = {93204B06-655B-4812-9FB7-817DE7B8CC5A}
		{6A6B882B-065B-4EC7-8DC9-CD64BD25A663} = {93204B06-655B-4812-9FB7-817DE7B8CC5A}
	EndGlobalSection
EndGlobal
